
Microsoft Visual Studio Solution File, Format Version 12.00
# Visual Studio 15
VisualStudioVersion = 15.0.27428.2015
MinimumVisualStudioVersion = 10.0.40219.1
Project("{9A19103F-16F7-4668-BE54-9A1E7A4F7556}") = "LearnCore.Web", "LearnCore.Web\LearnCore.Web.csproj", "{62ED817A-3E26-4310-B6BB-1524A4378740}"
EndProject
Project("{9A19103F-16F7-4668-BE54-9A1E7A4F7556}") = "LearnCore.Application", "LeanCore.Application\LearnCore.Application.csproj", "{C4380A09-9A6B-4C90-A4B9-93190B33760C}"
EndProject
Project("{9A19103F-16F7-4668-BE54-9A1E7A4F7556}") = "LearnCore.EntityFramework", "LeanCore.EntityFramework\LearnCore.EntityFramework.csproj", "{CD951AB5-B8CE-4FAC-B68B-3E756B1B1B41}"
EndProject
Project("{9A19103F-16F7-4668-BE54-9A1E7A4F7556}") = "LearnCore.Core", "LeanCore.Core\LearnCore.Core.csproj", "{4CFE4030-CB1F-4F75-9844-829CDEC834D5}"
EndProject
Project("{9A19103F-16F7-4668-BE54-9A1E7A4F7556}") = "LearnCore.Untity", "LearnCore.Untity\LearnCore.Untity.csproj", "{6A66E320-9709-4E50-AB69-40A9BEFFEA1B}"
EndProject
Project("{2150E333-8FDC-42A3-9474-1A3956D46DE8}") = "API", "API", "{4B771C45-CB49-4C59-9D75-8C66C0BDF8E7}"
EndProject
Project("{FAE04EC0-301F-11D3-BF4B-00C04F79EFBC}") = "LearnApi.Client", "LearnApi.Client\LearnApi.Client.csproj", "{65B4E398-417B-4EA4-89BB-307E8CE552A3}"
EndProject
Project("{FAE04EC0-301F-11D3-BF4B-00C04F79EFBC}") = "LeranApi.Signature", "LeranApi.Signature\LeranApi.Signature.csproj", "{8C78E9CF-A086-440F-95D4-5A3B8A5CA0BA}"
EndProject
Project("{FAE04EC0-301F-11D3-BF4B-00C04F79EFBC}") = "LearnApi.Server", "LearnApi.Server\LearnApi.Server.csproj", "{EF4F98E3-0298-4950-BC53-4AF52F9648FC}"
EndProject
Global
	GlobalSection(SolutionConfigurationPlatforms) = preSolution
		Debug|Any CPU = Debug|Any CPU
		Release|Any CPU = Release|Any CPU
	EndGlobalSection
	GlobalSection(ProjectConfigurationPlatforms) = postSolution
		{62ED817A-3E26-4310-B6BB-1524A4378740}.Debug|Any CPU.ActiveCfg = Debug|Any CPU
		{62ED817A-3E26-4310-B6BB-1524A4378740}.Debug|Any CPU.Build.0 = Debug|Any CPU
		{62ED817A-3E26-4310-B6BB-1524A4378740}.Release|Any CPU.ActiveCfg = Release|Any CPU
		{62ED817A-3E26-4310-B6BB-1524A4378740}.Release|Any CPU.Build.0 = Release|Any CPU
		{C4380A09-9A6B-4C90-A4B9-93190B33760C}.Debug|Any CPU.ActiveCfg = Debug|Any CPU
		{C4380A09-9A6B-4C90-A4B9-93190B33760C}.Debug|Any CPU.Build.0 = Debug|Any CPU
		{C4380A09-9A6B-4C90-A4B9-93190B33760C}.Release|Any CPU.ActiveCfg = Release|Any CPU
		{C4380A09-9A6B-4C90-A4B9-93190B33760C}.Release|Any CPU.Build.0 = Release|Any CPU
		{CD951AB5-B8CE-4FAC-B68B-3E756B1B1B41}.Debug|Any CPU.ActiveCfg = Debug|Any CPU
		{CD951AB5-B8CE-4FAC-B68B-3E756B1B1B41}.Debug|Any CPU.Build.0 = Debug|Any CPU
		{CD951AB5-B8CE-4FAC-B68B-3E756B1B1B41}.Release|Any CPU.ActiveCfg = Release|Any CPU
		{CD951AB5-B8CE-4FAC-B68B-3E756B1B1B41}.Release|Any CPU.Build.0 = Release|Any CPU
		{4CFE4030-CB1F-4F75-9844-829CDEC834D5}.Debug|Any CPU.ActiveCfg = Debug|Any CPU
		{4CFE4030-CB1F-4F75-9844-829CDEC834D5}.Debug|Any CPU.Build.0 = Debug|Any CPU
		{4CFE4030-CB1F-4F75-9844-829CDEC834D5}.Release|Any CPU.ActiveCfg = Release|Any CPU
		{4CFE4030-CB1F-4F75-9844-829CDEC834D5}.Release|Any CPU.Build.0 = Release|Any CPU
		{6A66E320-9709-4E50-AB69-40A9BEFFEA1B}.Debug|Any CPU.ActiveCfg = Debug|Any CPU
		{6A66E320-9709-4E50-AB69-40A9BEFFEA1B}.Debug|Any CPU.Build.0 = Debug|Any CPU
		{6A66E320-9709-4E50-AB69-40A9BEFFEA1B}.Release|Any CPU.ActiveCfg = Release|Any CPU
		{6A66E320-9709-4E50-AB69-40A9BEFFEA1B}.Release|Any CPU.Build.0 = Release|Any CPU
		{65B4E398-417B-4EA4-89BB-307E8CE552A3}.Debug|Any CPU.ActiveCfg = Debug|Any CPU
		{65B4E398-417B-4EA4-89BB-307E8CE552A3}.Debug|Any CPU.Build.0 = Debug|Any CPU
		{65B4E398-417B-4EA4-89BB-307E8CE552A3}.Release|Any CPU.ActiveCfg = Release|Any CPU
		{65B4E398-417B-4EA4-89BB-307E8CE552A3}.Release|Any CPU.Build.0 = Release|Any CPU
		{8C78E9CF-A086-440F-95D4-5A3B8A5CA0BA}.Debug|Any CPU.ActiveCfg = Debug|Any CPU
		{8C78E9CF-A086-440F-95D4-5A3B8A5CA0BA}.Debug|Any CPU.Build.0 = Debug|Any CPU
		{8C78E9CF-A086-440F-95D4-5A3B8A5CA0BA}.Release|Any CPU.ActiveCfg = Release|Any CPU
		{8C78E9CF-A086-440F-95D4-5A3B8A5CA0BA}.Release|Any CPU.Build.0 = Release|Any CPU
		{EF4F98E3-0298-4950-BC53-4AF52F9648FC}.Debug|Any CPU.ActiveCfg = Debug|Any CPU
		{EF4F98E3-0298-4950-BC53-4AF52F9648FC}.Debug|Any CPU.Build.0 = Debug|Any CPU
		{EF4F98E3-0298-4950-BC53-4AF52F9648FC}.Release|Any CPU.ActiveCfg = Release|Any CPU
		{EF4F98E3-0298-4950-BC53-4AF52F9648FC}.Release|Any CPU.Build.0 = Release|Any CPU
	EndGlobalSection
	GlobalSection(SolutionProperties) = preSolution
		HideSolutionNode = FALSE
	EndGlobalSection
	GlobalSection(NestedProjects) = preSolution
		{65B4E398-417B-4EA4-89BB-307E8CE552A3} = {4B771C45-CB49-4C59-9D75-8C66C0BDF8E7}
		{8C78E9CF-A086-440F-95D4-5A3B8A5CA0BA} = {4B771C45-CB49-4C59-9D75-8C66C0BDF8E7}
		{EF4F98E3-0298-4950-BC53-4AF52F9648FC} = {4B771C45-CB49-4C59-9D75-8C66C0BDF8E7}
	EndGlobalSection
	GlobalSection(ExtensibilityGlobals) = postSolution
		SolutionGuid = {AEEAC30B-D6C9-42D6-8EE9-4B2C12C54C4B}
	EndGlobalSection
EndGlobal
